GEM
  remote: https://rubygems.org/
  specs:
    language_server-protocol (3.17.0.6)
    logger (1.7.0)
    prism (1.9.0)
    rbs (4.2.0)
      logger
      prism (>= 1.6.0)
      tsort
    ruby-lsp (0.26.11)
      language_server-protocol (~> 3.17.0)
      prism (>= 1.2, < 2.0)
      rbs (>= 3, < 5)
    sqlite3 (2.9.6-x64-mingw-ucrt)
    tsort (0.2.0)

PLATFORMS
  x64-mingw-ucrt

DEPENDENCIES
  ruby-lsp (~> 0.26.11)
  sqlite3 (~> 2.9)

CHECKSUMS
  bundler (4.0.12) sha256=7f8b757d28dfb636e7b24fba2344ac6dd13b5b24f4b46d62573d483f211825ac
  language_server-protocol (3.17.0.6) sha256=5ef2c0c138f8267e1bc631d3328347d354f96724b0af22f2c79516120443b7f0
  logger (1.7.0) sha256=196edec7cc44b66cfb40f9755ce11b392f21f7967696af15d274dde7edff0203
  prism (1.9.0) sha256=7b530c6a9f92c24300014919c9dcbc055bf4cdf51ec30aed099b06cd6674ef85
  rbs (4.2.0) sha256=51f7b886dcc05bc09e10b901daa6a81829f6adc03101d6ca9ea4aac6103e0674
  ruby-lsp (0.26.11) sha256=4cc8f1587237ff8c9031680b5491df901a82559eeaa1ae96863ffe700b32583d
  sqlite3 (2.9.6-x64-mingw-ucrt) sha256=1f2b88f417fd0a8c1d5ef19c7e817d8b9c61bee6e33b6b36255fb6e40148e6f8
  tsort (0.2.0) sha256=9650a793f6859a43b6641671278f79cfead60ac714148aabe4e3f0060480089f

BUNDLED WITH
  4.0.12
